
Microsoft Visual Studio Solution File, Format Version 12.00
# Visual Studio Version 16
VisualStudioVersion = 16.0.28803.352
MinimumVisualStudioVersion = 10.0.40219.1
Project("{2150E333-8FDC-42A3-9474-1A3956D46DE8}") = "Modules", "Modules", "{60F045F2-BEA5-4170-81CA-2D2CD80CD237}"
EndProject
Project("{2150E333-8FDC-42A3-9474-1A3956D46DE8}") = "Authorization", "Authorization", "{8CCADC6E-9A2C-469F-B411-E32E3F460B55}"
EndProject
Project("{2150E333-8FDC-42A3-9474-1A3956D46DE8}") = "Cache", "Cache", "{BBD4EF5B-A0B2-4BCE-AD52-7AF552EA4652}"
EndProject
Project("{2150E333-8FDC-42A3-9474-1A3956D46DE8}") = "Utilities", "Utilities", "{A045771B-A5A8-49CA-89F6-DF5FF79AF0D4}"
EndProject
Project("{FAE04EC0-301F-11D3-BF4B-00C04F79EFBC}") = "HardwareInventoryService.Modules.Authorization.Host", "HardwareInventoryService.Modules.Authorization.Host\HardwareInventoryService.Modules.Authorization.Host.csproj", "{19A23C14-AB66-480D-B178-C2DD1CEAC363}"
EndProject
Project("{FAE04EC0-301F-11D3-BF4B-00C04F79EFBC}") = "HardwareInventoryService.Modules.Authorization.Logic", "HardwareInventoryService.Modules.Authorization.Logic\HardwareInventoryService.Modules.Authorization.Logic.csproj", "{E128A482-2173-4AF9-9ED3-CA512CCDBFC2}"
EndProject
Project("{FAE04EC0-301F-11D3-BF4B-00C04F79EFBC}") = "HardwareInventoryService.Modules.Authorization.Service", "HardwareInventoryService.Modules.Authorization.Service\HardwareInventoryService.Modules.Authorization.Service.csproj", "{99D08657-2863-429E-99FF-E6538AFEB224}"
EndProject
Project("{FAE04EC0-301F-11D3-BF4B-00C04F79EFBC}") = "HardwareInventoryService.Modules.Cache.Host", "HardwareInventoryService.Modules.Cache.Host\HardwareInventoryService.Modules.Cache.Host.csproj", "{5081CBC2-9747-414B-B2E7-FBD7AF3B7BC6}"
EndProject
Project("{FAE04EC0-301F-11D3-BF4B-00C04F79EFBC}") = "HardwareInventoryService.Modules.Cache.Logic", "HardwareInventoryService.Modules.Cache.Logic\HardwareInventoryService.Modules.Cache.Logic.csproj", "{E79EDEEF-9907-4379-B9D2-3A373EB2FBC8}"
EndProject
Project("{FAE04EC0-301F-11D3-BF4B-00C04F79EFBC}") = "HardwareInventoryService.Modules.Cache.Service", "HardwareInventoryService.Modules.Cache.Service\HardwareInventoryService.Modules.Cache.Service.csproj", "{0CB3B7F9-286E-4BA4-9920-C28AA6F6DBB3}"
EndProject
Project("{FAE04EC0-301F-11D3-BF4B-00C04F79EFBC}") = "HardwareInventoryService.ServicesReferences", "HardwareInventoryService.ServicesReferences\HardwareInventoryService.ServicesReferences.csproj", "{7930E281-F196-483D-969D-F2EDAC3527B1}"
EndProject
Project("{FAE04EC0-301F-11D3-BF4B-00C04F79EFBC}") = "HardwareInventoryService.Models", "HardwareInventoryService.Models\HardwareInventoryService.Models.csproj", "{D7DFDD57-9D23-4C95-A9D3-DAA162524C89}"
EndProject
Project("{FAE04EC0-301F-11D3-BF4B-00C04F79EFBC}") = "HardwareInventoryService.DAO", "HardwareInventoryService.DAO\HardwareInventoryService.DAO.csproj", "{B4FBAD6B-9D6E-4C22-98A7-DB8362F11D75}"
EndProject
Project("{FAE04EC0-301F-11D3-BF4B-00C04F79EFBC}") = "HardwareInventoryService.Modules.Authorization.UnitTests", "HardwareInventoryService.Modules.Authorization.UnitTests\HardwareInventoryService.Modules.Authorization.UnitTests.csproj", "{BC41DC2E-3297-4DB8-BF61-2A4BB681D6C0}"
EndProject
Project("{FAE04EC0-301F-11D3-BF4B-00C04F79EFBC}") = "HardwareInventoryService.Modules.Authorization.IntegrationTests", "HardwareInventoryService.Modules.Authorization.IntegrationTests\HardwareInventoryService.Modules.Authorization.IntegrationTests.csproj", "{3C4C7018-C55F-4CB8-A6F4-601DE9D79484}"
EndProject
Project("{FAE04EC0-301F-11D3-BF4B-00C04F79EFBC}") = "HardwareInventoryService.Modules.Cache.UnitTests", "HardwareInventoryService.Modules.Cache.UnitTests\HardwareInventoryService.Modules.Cache.UnitTests.csproj", "{EA42F1E2-3808-4D28-919D-5BFAF6056B83}"
EndProject
Project("{FAE04EC0-301F-11D3-BF4B-00C04F79EFBC}") = "HardwareInventoryService.Modules.Cache.IntegrationTests", "HardwareInventoryService.Modules.Cache.IntegrationTests\HardwareInventoryService.Modules.Cache.IntegrationTests.csproj", "{5CF7F233-F6A0-4B1A-B9C5-73A788C4F030}"
EndProject
Global
	GlobalSection(SolutionConfigurationPlatforms) = preSolution
		Debug|Any CPU = Debug|Any CPU
		Release|Any CPU = Release|Any CPU
	EndGlobalSection
	GlobalSection(ProjectConfigurationPlatforms) = postSolution
		{19A23C14-AB66-480D-B178-C2DD1CEAC363}.Debug|Any CPU.ActiveCfg = Debug|Any CPU
		{19A23C14-AB66-480D-B178-C2DD1CEAC363}.Debug|Any CPU.Build.0 = Debug|Any CPU
		{19A23C14-AB66-480D-B178-C2DD1CEAC363}.Release|Any CPU.ActiveCfg = Release|Any CPU
		{19A23C14-AB66-480D-B178-C2DD1CEAC363}.Release|Any CPU.Build.0 = Release|Any CPU
		{E128A482-2173-4AF9-9ED3-CA512CCDBFC2}.Debug|Any CPU.ActiveCfg = Debug|Any CPU
		{E128A482-2173-4AF9-9ED3-CA512CCDBFC2}.Debug|Any CPU.Build.0 = Debug|Any CPU
		{E128A482-2173-4AF9-9ED3-CA512CCDBFC2}.Release|Any CPU.ActiveCfg = Release|Any CPU
		{E128A482-2173-4AF9-9ED3-CA512CCDBFC2}.Release|Any CPU.Build.0 = Release|Any CPU
		{99D08657-2863-429E-99FF-E6538AFEB224}.Debug|Any CPU.ActiveCfg = Debug|Any CPU
		{99D08657-2863-429E-99FF-E6538AFEB224}.Debug|Any CPU.Build.0 = Debug|Any CPU
		{99D08657-2863-429E-99FF-E6538AFEB224}.Release|Any CPU.ActiveCfg = Release|Any CPU
		{99D08657-2863-429E-99FF-E6538AFEB224}.Release|Any CPU.Build.0 = Release|Any CPU
		{5081CBC2-9747-414B-B2E7-FBD7AF3B7BC6}.Debug|Any CPU.ActiveCfg = Debug|Any CPU
		{5081CBC2-9747-414B-B2E7-FBD7AF3B7BC6}.Debug|Any CPU.Build.0 = Debug|Any CPU
		{5081CBC2-9747-414B-B2E7-FBD7AF3B7BC6}.Release|Any CPU.ActiveCfg = Release|Any CPU
		{5081CBC2-9747-414B-B2E7-FBD7AF3B7BC6}.Release|Any CPU.Build.0 = Release|Any CPU
		{E79EDEEF-9907-4379-B9D2-3A373EB2FBC8}.Debug|Any CPU.ActiveCfg = Debug|Any CPU
		{E79EDEEF-9907-4379-B9D2-3A373EB2FBC8}.Debug|Any CPU.Build.0 = Debug|Any CPU
		{E79EDEEF-9907-4379-B9D2-3A373EB2FBC8}.Release|Any CPU.ActiveCfg = Release|Any CPU
		{E79EDEEF-9907-4379-B9D2-3A373EB2FBC8}.Release|Any CPU.Build.0 = Release|Any CPU
		{0CB3B7F9-286E-4BA4-9920-C28AA6F6DBB3}.Debug|Any CPU.ActiveCfg = Debug|Any CPU
		{0CB3B7F9-286E-4BA4-9920-C28AA6F6DBB3}.Debug|Any CPU.Build.0 = Debug|Any CPU
		{0CB3B7F9-286E-4BA4-9920-C28AA6F6DBB3}.Release|Any CPU.ActiveCfg = Release|Any CPU
		{0CB3B7F9-286E-4BA4-9920-C28AA6F6DBB3}.Release|Any CPU.Build.0 = Release|Any CPU
		{7930E281-F196-483D-969D-F2EDAC3527B1}.Debug|Any CPU.ActiveCfg = Debug|Any CPU
		{7930E281-F196-483D-969D-F2EDAC3527B1}.Debug|Any CPU.Build.0 = Debug|Any CPU
		{7930E281-F196-483D-969D-F2EDAC3527B1}.Release|Any CPU.ActiveCfg = Release|Any CPU
		{7930E281-F196-483D-969D-F2EDAC3527B1}.Release|Any CPU.Build.0 = Release|Any CPU
		{D7DFDD57-9D23-4C95-A9D3-DAA162524C89}.Debug|Any CPU.ActiveCfg = Debug|Any CPU
		{D7DFDD57-9D23-4C95-A9D3-DAA162524C89}.Debug|Any CPU.Build.0 = Debug|Any CPU
		{D7DFDD57-9D23-4C95-A9D3-DAA162524C89}.Release|Any CPU.ActiveCfg = Release|Any CPU
		{D7DFDD57-9D23-4C95-A9D3-DAA162524C89}.Release|Any CPU.Build.0 = Release|Any CPU
		{B4FBAD6B-9D6E-4C22-98A7-DB8362F11D75}.Debug|Any CPU.ActiveCfg = Debug|Any CPU
		{B4FBAD6B-9D6E-4C22-98A7-DB8362F11D75}.Debug|Any CPU.Build.0 = Debug|Any CPU
		{B4FBAD6B-9D6E-4C22-98A7-DB8362F11D75}.Release|Any CPU.ActiveCfg = Release|Any CPU
		{B4FBAD6B-9D6E-4C22-98A7-DB8362F11D75}.Release|Any CPU.Build.0 = Release|Any CPU
		{BC41DC2E-3297-4DB8-BF61-2A4BB681D6C0}.Debug|Any CPU.ActiveCfg = Debug|Any CPU
		{BC41DC2E-3297-4DB8-BF61-2A4BB681D6C0}.Debug|Any CPU.Build.0 = Debug|Any CPU
		{BC41DC2E-3297-4DB8-BF61-2A4BB681D6C0}.Release|Any CPU.ActiveCfg = Release|Any CPU
		{BC41DC2E-3297-4DB8-BF61-2A4BB681D6C0}.Release|Any CPU.Build.0 = Release|Any CPU
		{3C4C7018-C55F-4CB8-A6F4-601DE9D79484}.Debug|Any CPU.ActiveCfg = Debug|Any CPU
		{3C4C7018-C55F-4CB8-A6F4-601DE9D79484}.Debug|Any CPU.Build.0 = Debug|Any CPU
		{3C4C7018-C55F-4CB8-A6F4-601DE9D79484}.Release|Any CPU.ActiveCfg = Release|Any CPU
		{3C4C7018-C55F-4CB8-A6F4-601DE9D79484}.Release|Any CPU.Build.0 = Release|Any CPU
		{EA42F1E2-3808-4D28-919D-5BFAF6056B83}.Debug|Any CPU.ActiveCfg = Debug|Any CPU
		{EA42F1E2-3808-4D28-919D-5BFAF6056B83}.Debug|Any CPU.Build.0 = Debug|Any CPU
		{EA42F1E2-3808-4D28-919D-5BFAF6056B83}.Release|Any CPU.ActiveCfg = Release|Any CPU
		{EA42F1E2-3808-4D28-919D-5BFAF6056B83}.Release|Any CPU.Build.0 = Release|Any CPU
		{5CF7F233-F6A0-4B1A-B9C5-73A788C4F030}.Debug|Any CPU.ActiveCfg = Debug|Any CPU
		{5CF7F233-F6A0-4B1A-B9C5-73A788C4F030}.Debug|Any CPU.Build.0 = Debug|Any CPU
		{5CF7F233-F6A0-4B1A-B9C5-73A788C4F030}.Release|Any CPU.ActiveCfg = Release|Any CPU
		{5CF7F233-F6A0-4B1A-B9C5-73A788C4F030}.Release|Any CPU.Build.0 = Release|Any CPU
	EndGlobalSection
	GlobalSection(SolutionProperties) = preSolution
		HideSolutionNode = FALSE
	EndGlobalSection
	GlobalSection(NestedProjects) = preSolution
		{8CCADC6E-9A2C-469F-B411-E32E3F460B55} = {60F045F2-BEA5-4170-81CA-2D2CD80CD237}
		{BBD4EF5B-A0B2-4BCE-AD52-7AF552EA4652} = {60F045F2-BEA5-4170-81CA-2D2CD80CD237}
		{19A23C14-AB66-480D-B178-C2DD1CEAC363} = {8CCADC6E-9A2C-469F-B411-E32E3F460B55}
		{E128A482-2173-4AF9-9ED3-CA512CCDBFC2} = {8CCADC6E-9A2C-469F-B411-E32E3F460B55}
		{99D08657-2863-429E-99FF-E6538AFEB224} = {8CCADC6E-9A2C-469F-B411-E32E3F460B55}
		{5081CBC2-9747-414B-B2E7-FBD7AF3B7BC6} = {BBD4EF5B-A0B2-4BCE-AD52-7AF552EA4652}
		{E79EDEEF-9907-4379-B9D2-3A373EB2FBC8} = {BBD4EF5B-A0B2-4BCE-AD52-7AF552EA4652}
		{0CB3B7F9-286E-4BA4-9920-C28AA6F6DBB3} = {BBD4EF5B-A0B2-4BCE-AD52-7AF552EA4652}
		{7930E281-F196-483D-969D-F2EDAC3527B1} = {A045771B-A5A8-49CA-89F6-DF5FF79AF0D4}
		{D7DFDD57-9D23-4C95-A9D3-DAA162524C89} = {A045771B-A5A8-49CA-89F6-DF5FF79AF0D4}
		{B4FBAD6B-9D6E-4C22-98A7-DB8362F11D75} = {A045771B-A5A8-49CA-89F6-DF5FF79AF0D4}
		{BC41DC2E-3297-4DB8-BF61-2A4BB681D6C0} = {8CCADC6E-9A2C-469F-B411-E32E3F460B55}
		{3C4C7018-C55F-4CB8-A6F4-601DE9D79484} = {8CCADC6E-9A2C-469F-B411-E32E3F460B55}
		{EA42F1E2-3808-4D28-919D-5BFAF6056B83} = {BBD4EF5B-A0B2-4BCE-AD52-7AF552EA4652}
		{5CF7F233-F6A0-4B1A-B9C5-73A788C4F030} = {BBD4EF5B-A0B2-4BCE-AD52-7AF552EA4652}
	EndGlobalSection
	GlobalSection(ExtensibilityGlobals) = postSolution
		SolutionGuid = {B8D91CD3-71B0-4039-B81F-CDCA1FA4B7F6}
	EndGlobalSection
EndGlobal
